
Microsoft Visual Studio Solution File, Format Version 12.00
# Visual Studio Version 16
VisualStudioVersion = 16.0.30503.244
MinimumVisualStudioVersion = 10.0.40219.1
Project("{FAE04EC0-301F-11D3-BF4B-00C04F79EFBC}") = "MicrosoftInterviewQuestions", "MicrosoftInterviewQuestions.csproj", "{4AB22C18-FC39-419D-AF55-11FCD83A2CF4}"
EndProject
Project("{FAE04EC0-301F-11D3-BF4B-00C04F79EFBC}") = "TestProject", "..\TestProject\TestProject.csproj", "{70727C85-8D9F-49A6-ABA2-D7C1F23D43AD}"
EndProject
Global
	GlobalSection(SolutionConfigurationPlatforms) = preSolution
		Debug|Any CPU = Debug|Any CPU
		Release|Any CPU = Release|Any CPU
	EndGlobalSection
	GlobalSection(ProjectConfigurationPlatforms) = postSolution
		{4AB22C18-FC39-419D-AF55-11FCD83A2CF4}.Debug|Any CPU.ActiveCfg = Debug|Any CPU
		{4AB22C18-FC39-419D-AF55-11FCD83A2CF4}.Debug|Any CPU.Build.0 = Debug|Any CPU
		{4AB22C18-FC39-419D-AF55-11FCD83A2CF4}.Release|Any CPU.ActiveCfg = Release|Any CPU
		{4AB22C18-FC39-419D-AF55-11FCD83A2CF4}.Release|Any CPU.Build.0 = Release|Any CPU
		{70727C85-8D9F-49A6-ABA2-D7C1F23D43AD}.Debug|Any CPU.ActiveCfg = Debug|Any CPU
		{70727C85-8D9F-49A6-ABA2-D7C1F23D43AD}.Debug|Any CPU.Build.0 = Debug|Any CPU
		{70727C85-8D9F-49A6-ABA2-D7C1F23D43AD}.Release|Any CPU.ActiveCfg = Release|Any CPU
		{70727C85-8D9F-49A6-ABA2-D7C1F23D43AD}.Release|Any CPU.Build.0 = Release|Any CPU
	EndGlobalSection
	GlobalSection(SolutionProperties) = preSolution
		HideSolutionNode = FALSE
	EndGlobalSection
	GlobalSection(ExtensibilityGlobals) = postSolution
		SolutionGuid = {F9D28C82-CF4D-4882-96FD-116BC1DF10D9}
	EndGlobalSection
EndGlobal
